
Microsoft Visual Studio Solution File, Format Version 12.00
# Visual Studio 15
VisualStudioVersion = 15.0.26430.6
MinimumVisualStudioVersion = 10.0.40219.1
Project("{FAE04EC0-301F-11D3-BF4B-00C04F79EFBC}") = "StartDataPersistence.Android", "StartDataPersistence\StartDataPersistence.Android\StartDataPersistence.Android.csproj", "{4A055A28-C29C-47F4-BDFB-2D6149782134}"
EndProject
Project("{FAE04EC0-301F-11D3-BF4B-00C04F79EFBC}") = "StartDataPersistence", "StartDataPersistence\StartDataPersistence\StartDataPersistence.csproj", "{87049DD3-1CE4-4FB5-A920-4DBB3D2AC639}"
EndProject
Project("{FAE04EC0-301F-11D3-BF4B-00C04F79EFBC}") = "StartDataPersistence.UWP", "StartDataPersistence\StartDataPersistence.UWP\StartDataPersistence.UWP.csproj", "{318B14CE-D2E8-4C43-AF7E-9FF394344D77}"
EndProject
Project("{FAE04EC0-301F-11D3-BF4B-00C04F79EFBC}") = "StartDataPersistence.iOS", "StartDataPersistence\StartDataPersistence.iOS\StartDataPersistence.iOS.csproj", "{E7B6A85E-A1DF-4ABE-90F0-4EBB622BC1CF}"
EndProject
Global
	GlobalSection(SolutionConfigurationPlatforms) = preSolution
		Ad-Hoc|Any CPU = Ad-Hoc|Any CPU
		Ad-Hoc|ARM = Ad-Hoc|ARM
		Ad-Hoc|iPhone = Ad-Hoc|iPhone
		Ad-Hoc|iPhoneSimulator = Ad-Hoc|iPhoneSimulator
		Ad-Hoc|x64 = Ad-Hoc|x64
		Ad-Hoc|x86 = Ad-Hoc|x86
		AppStore|Any CPU = AppStore|Any CPU
		AppStore|ARM = AppStore|ARM
		AppStore|iPhone = AppStore|iPhone
		AppStore|iPhoneSimulator = AppStore|iPhoneSimulator
		AppStore|x64 = AppStore|x64
		AppStore|x86 = AppStore|x86
		Debug|Any CPU = Debug|Any CPU
		Debug|ARM = Debug|ARM
		Debug|iPhone = Debug|iPhone
		Debug|iPhoneSimulator = Debug|iPhoneSimulator
		Debug|x64 = Debug|x64
		Debug|x86 = Debug|x86
		Release|Any CPU = Release|Any CPU
		Release|ARM = Release|ARM
		Release|iPhone = Release|iPhone
		Release|iPhoneSimulator = Release|iPhoneSimulator
		Release|x64 = Release|x64
		Release|x86 = Release|x86
	EndGlobalSection
	GlobalSection(ProjectConfigurationPlatforms) = postSolution
		{4A055A28-C29C-47F4-BDFB-2D6149782134}.Ad-Hoc|Any CPU.ActiveCfg = Release|Any CPU
		{4A055A28-C29C-47F4-BDFB-2D6149782134}.Ad-Hoc|Any CPU.Build.0 = Release|Any CPU
		{4A055A28-C29C-47F4-BDFB-2D6149782134}.Ad-Hoc|Any CPU.Deploy.0 = Release|Any CPU
		{4A055A28-C29C-47F4-BDFB-2D6149782134}.Ad-Hoc|ARM.ActiveCfg = Release|Any CPU
		{4A055A28-C29C-47F4-BDFB-2D6149782134}.Ad-Hoc|ARM.Build.0 = Release|Any CPU
		{4A055A28-C29C-47F4-BDFB-2D6149782134}.Ad-Hoc|ARM.Deploy.0 = Release|Any CPU
		{4A055A28-C29C-47F4-BDFB-2D6149782134}.Ad-Hoc|iPhone.ActiveCfg = Release|Any CPU
		{4A055A28-C29C-47F4-BDFB-2D6149782134}.Ad-Hoc|iPhone.Build.0 = Release|Any CPU
		{4A055A28-C29C-47F4-BDFB-2D6149782134}.Ad-Hoc|iPhone.Deploy.0 = Release|Any CPU
		{4A055A28-C29C-47F4-BDFB-2D6149782134}.Ad-Hoc|iPhoneSimulator.ActiveCfg = Release|Any CPU
		{4A055A28-C29C-47F4-BDFB-2D6149782134}.Ad-Hoc|iPhoneSimulator.Build.0 = Release|Any CPU
		{4A055A28-C29C-47F4-BDFB-2D6149782134}.Ad-Hoc|iPhoneSimulator.Deploy.0 = Release|Any CPU
		{4A055A28-C29C-47F4-BDFB-2D6149782134}.Ad-Hoc|x64.ActiveCfg = Release|Any CPU
		{4A055A28-C29C-47F4-BDFB-2D6149782134}.Ad-Hoc|x64.Build.0 = Release|Any CPU
		{4A055A28-C29C-47F4-BDFB-2D6149782134}.Ad-Hoc|x64.Deploy.0 = Release|Any CPU
		{4A055A28-C29C-47F4-BDFB-2D6149782134}.Ad-Hoc|x86.ActiveCfg = Release|Any CPU
		{4A055A28-C29C-47F4-BDFB-2D6149782134}.Ad-Hoc|x86.Build.0 = Release|Any CPU
		{4A055A28-C29C-47F4-BDFB-2D6149782134}.Ad-Hoc|x86.Deploy.0 = Release|Any CPU
		{4A055A28-C29C-47F4-BDFB-2D6149782134}.AppStore|Any CPU.ActiveCfg = Release|Any CPU
		{4A055A28-C29C-47F4-BDFB-2D6149782134}.AppStore|Any CPU.Build.0 = Release|Any CPU
		{4A055A28-C29C-47F4-BDFB-2D6149782134}.AppStore|Any CPU.Deploy.0 = Release|Any CPU
		{4A055A28-C29C-47F4-BDFB-2D6149782134}.AppStore|ARM.ActiveCfg = Release|Any CPU
		{4A055A28-C29C-47F4-BDFB-2D6149782134}.AppStore|ARM.Build.0 = Release|Any CPU
		{4A055A28-C29C-47F4-BDFB-2D6149782134}.AppStore|ARM.Deploy.0 = Release|Any CPU
		{4A055A28-C29C-47F4-BDFB-2D6149782134}.AppStore|iPhone.ActiveCfg = Release|Any CPU
		{4A055A28-C29C-47F4-BDFB-2D6149782134}.AppStore|iPhone.Build.0 = Release|Any CPU
		{4A055A28-C29C-47F4-BDFB-2D6149782134}.AppStore|iPhone.Deploy.0 = Release|Any CPU
		{4A055A28-C29C-47F4-BDFB-2D6149782134}.AppStore|iPhoneSimulator.ActiveCfg = Release|Any CPU
		{4A055A28-C29C-47F4-BDFB-2D6149782134}.AppStore|iPhoneSimulator.Build.0 = Release|Any CPU
		{4A055A28-C29C-47F4-BDFB-2D6149782134}.AppStore|iPhoneSimulator.Deploy.0 = Release|Any CPU
		{4A055A28-C29C-47F4-BDFB-2D6149782134}.AppStore|x64.ActiveCfg = Release|Any CPU
		{4A055A28-C29C-47F4-BDFB-2D6149782134}.AppStore|x64.Build.0 = Release|Any CPU
		{4A055A28-C29C-47F4-BDFB-2D6149782134}.AppStore|x64.Deploy.0 = Release|Any CPU
		{4A055A28-C29C-47F4-BDFB-2D6149782134}.AppStore|x86.ActiveCfg = Release|Any CPU
		{4A055A28-C29C-47F4-BDFB-2D6149782134}.AppStore|x86.Build.0 = Release|Any CPU
		{4A055A28-C29C-47F4-BDFB-2D6149782134}.AppStore|x86.Deploy.0 = Release|Any CPU
		{4A055A28-C29C-47F4-BDFB-2D6149782134}.Debug|Any CPU.ActiveCfg = Debug|Any CPU
		{4A055A28-C29C-47F4-BDFB-2D6149782134}.Debug|Any CPU.Build.0 = Debug|Any CPU
		{4A055A28-C29C-47F4-BDFB-2D6149782134}.Debug|Any CPU.Deploy.0 = Debug|Any CPU
		{4A055A28-C29C-47F4-BDFB-2D6149782134}.Debug|ARM.ActiveCfg = Debug|Any CPU
		{4A055A28-C29C-47F4-BDFB-2D6149782134}.Debug|ARM.Build.0 = Debug|Any CPU
		{4A055A28-C29C-47F4-BDFB-2D6149782134}.Debug|ARM.Deploy.0 = Debug|Any CPU
		{4A055A28-C29C-47F4-BDFB-2D6149782134}.Debug|iPhone.ActiveCfg = Debug|Any CPU
		{4A055A28-C29C-47F4-BDFB-2D6149782134}.Debug|iPhone.Build.0 = Debug|Any CPU
		{4A055A28-C29C-47F4-BDFB-2D6149782134}.Debug|iPhone.Deploy.0 = Debug|Any CPU
		{4A055A28-C29C-47F4-BDFB-2D6149782134}.Debug|iPhoneSimulator.ActiveCfg = Debug|Any CPU
		{4A055A28-C29C-47F4-BDFB-2D6149782134}.Debug|x64.ActiveCfg = Debug|Any CPU
		{4A055A28-C29C-47F4-BDFB-2D6149782134}.Debug|x64.Build.0 = Debug|Any CPU
		{4A055A28-C29C-47F4-BDFB-2D6149782134}.Debug|x64.Deploy.0 = Debug|Any CPU
		{4A055A28-C29C-47F4-BDFB-2D6149782134}.Debug|x86.ActiveCfg = Debug|Any CPU
		{4A055A28-C29C-47F4-BDFB-2D6149782134}.Debug|x86.Build.0 = Debug|Any CPU
		{4A055A28-C29C-47F4-BDFB-2D6149782134}.Debug|x86.Deploy.0 = Debug|Any CPU
		{4A055A28-C29C-47F4-BDFB-2D6149782134}.Release|Any CPU.ActiveCfg = Release|Any CPU
		{4A055A28-C29C-47F4-BDFB-2D6149782134}.Release|Any CPU.Build.0 = Release|Any CPU
		{4A055A28-C29C-47F4-BDFB-2D6149782134}.Release|Any CPU.Deploy.0 = Release|Any CPU
		{4A055A28-C29C-47F4-BDFB-2D6149782134}.Release|ARM.ActiveCfg = Release|Any CPU
		{4A055A28-C29C-47F4-BDFB-2D6149782134}.Release|ARM.Build.0 = Release|Any CPU
		{4A055A28-C29C-47F4-BDFB-2D6149782134}.Release|ARM.Deploy.0 = Release|Any CPU
		{4A055A28-C29C-47F4-BDFB-2D6149782134}.Release|iPhone.ActiveCfg = Release|Any CPU
		{4A055A28-C29C-47F4-BDFB-2D6149782134}.Release|iPhone.Build.0 = Release|Any CPU
		{4A055A28-C29C-47F4-BDFB-2D6149782134}.Release|iPhone.Deploy.0 = Release|Any CPU
		{4A055A28-C29C-47F4-BDFB-2D6149782134}.Release|iPhoneSimulator.ActiveCfg = Release|Any CPU
		{4A055A28-C29C-47F4-BDFB-2D6149782134}.Release|iPhoneSimulator.Build.0 = Release|Any CPU
		{4A055A28-C29C-47F4-BDFB-2D6149782134}.Release|iPhoneSimulator.Deploy.0 = Release|Any CPU
		{4A055A28-C29C-47F4-BDFB-2D6149782134}.Release|x64.ActiveCfg = Release|Any CPU
		{4A055A28-C29C-47F4-BDFB-2D6149782134}.Release|x64.Build.0 = Release|Any CPU
		{4A055A28-C29C-47F4-BDFB-2D6149782134}.Release|x64.Deploy.0 = Release|Any CPU
		{4A055A28-C29C-47F4-BDFB-2D6149782134}.Release|x86.ActiveCfg = Release|Any CPU
		{4A055A28-C29C-47F4-BDFB-2D6149782134}.Release|x86.Build.0 = Release|Any CPU
		{4A055A28-C29C-47F4-BDFB-2D6149782134}.Release|x86.Deploy.0 = Release|Any CPU
		{87049DD3-1CE4-4FB5-A920-4DBB3D2AC639}.Ad-Hoc|Any CPU.ActiveCfg = Release|Any CPU
		{87049DD3-1CE4-4FB5-A920-4DBB3D2AC639}.Ad-Hoc|Any CPU.Build.0 = Release|Any CPU
		{87049DD3-1CE4-4FB5-A920-4DBB3D2AC639}.Ad-Hoc|ARM.ActiveCfg = Release|Any CPU
		{87049DD3-1CE4-4FB5-A920-4DBB3D2AC639}.Ad-Hoc|ARM.Build.0 = Release|Any CPU
		{87049DD3-1CE4-4FB5-A920-4DBB3D2AC639}.Ad-Hoc|iPhone.ActiveCfg = Release|Any CPU
		{87049DD3-1CE4-4FB5-A920-4DBB3D2AC639}.Ad-Hoc|iPhone.Build.0 = Release|Any CPU
		{87049DD3-1CE4-4FB5-A920-4DBB3D2AC639}.Ad-Hoc|iPhoneSimulator.ActiveCfg = Release|Any CPU
		{87049DD3-1CE4-4FB5-A920-4DBB3D2AC639}.Ad-Hoc|iPhoneSimulator.Build.0 = Release|Any CPU
		{87049DD3-1CE4-4FB5-A920-4DBB3D2AC639}.Ad-Hoc|x64.ActiveCfg = Release|Any CPU
		{87049DD3-1CE4-4FB5-A920-4DBB3D2AC639}.Ad-Hoc|x64.Build.0 = Release|Any CPU
		{87049DD3-1CE4-4FB5-A920-4DBB3D2AC639}.Ad-Hoc|x86.ActiveCfg = Release|Any CPU
		{87049DD3-1CE4-4FB5-A920-4DBB3D2AC639}.Ad-Hoc|x86.Build.0 = Release|Any CPU
		{87049DD3-1CE4-4FB5-A920-4DBB3D2AC639}.AppStore|Any CPU.ActiveCfg = Release|Any CPU
		{87049DD3-1CE4-4FB5-A920-4DBB3D2AC639}.AppStore|Any CPU.Build.0 = Release|Any CPU
		{87049DD3-1CE4-4FB5-A920-4DBB3D2AC639}.AppStore|ARM.ActiveCfg = Release|Any CPU
		{87049DD3-1CE4-4FB5-A920-4DBB3D2AC639}.AppStore|ARM.Build.0 = Release|Any CPU
		{87049DD3-1CE4-4FB5-A920-4DBB3D2AC639}.AppStore|iPhone.ActiveCfg = Release|Any CPU
		{87049DD3-1CE4-4FB5-A920-4DBB3D2AC639}.AppStore|iPhone.Build.0 = Release|Any CPU
		{87049DD3-1CE4-4FB5-A920-4DBB3D2AC639}.AppStore|iPhoneSimulator.ActiveCfg = Release|Any CPU
		{87049DD3-1CE4-4FB5-A920-4DBB3D2AC639}.AppStore|iPhoneSimulator.Build.0 = Release|Any CPU
		{87049DD3-1CE4-4FB5-A920-4DBB3D2AC639}.AppStore|x64.ActiveCfg = Release|Any CPU
		{87049DD3-1CE4-4FB5-A920-4DBB3D2AC639}.AppStore|x64.Build.0 = Release|Any CPU
		{87049DD3-1CE4-4FB5-A920-4DBB3D2AC639}.AppStore|x86.ActiveCfg = Release|Any CPU
		{87049DD3-1CE4-4FB5-A920-4DBB3D2AC639}.AppStore|x86.Build.0 = Release|Any CPU
		{87049DD3-1CE4-4FB5-A920-4DBB3D2AC639}.Debug|Any CPU.ActiveCfg = Debug|Any CPU
		{87049DD3-1CE4-4FB5-A920-4DBB3D2AC639}.Debug|Any CPU.Build.0 = Debug|Any CPU
		{87049DD3-1CE4-4FB5-A920-4DBB3D2AC639}.Debug|ARM.ActiveCfg = Debug|Any CPU
		{87049DD3-1CE4-4FB5-A920-4DBB3D2AC639}.Debug|ARM.Build.0 = Debug|Any CPU
		{87049DD3-1CE4-4FB5-A920-4DBB3D2AC639}.Debug|iPhone.ActiveCfg = Debug|Any CPU
		{87049DD3-1CE4-4FB5-A920-4DBB3D2AC639}.Debug|iPhone.Build.0 = Debug|Any CPU
		{87049DD3-1CE4-4FB5-A920-4DBB3D2AC639}.Debug|iPhoneSimulator.ActiveCfg = Debug|Any CPU
		{87049DD3-1CE4-4FB5-A920-4DBB3D2AC639}.Debug|iPhoneSimulator.Build.0 = Debug|Any CPU
		{87049DD3-1CE4-4FB5-A920-4DBB3D2AC639}.Debug|x64.ActiveCfg = Debug|Any CPU
		{87049DD3-1CE4-4FB5-A920-4DBB3D2AC639}.Debug|x64.Build.0 = Debug|Any CPU
		{87049DD3-1CE4-4FB5-A920-4DBB3D2AC639}.Debug|x86.ActiveCfg = Debug|Any CPU
		{87049DD3-1CE4-4FB5-A920-4DBB3D2AC639}.Debug|x86.Build.0 = Debug|Any CPU
		{87049DD3-1CE4-4FB5-A920-4DBB3D2AC639}.Release|Any CPU.ActiveCfg = Release|Any CPU
		{87049DD3-1CE4-4FB5-A920-4DBB3D2AC639}.Release|Any CPU.Build.0 = Release|Any CPU
		{87049DD3-1CE4-4FB5-A920-4DBB3D2AC639}.Release|ARM.ActiveCfg = Release|Any CPU
		{87049DD3-1CE4-4FB5-A920-4DBB3D2AC639}.Release|ARM.Build.0 = Release|Any CPU
		{87049DD3-1CE4-4FB5-A920-4DBB3D2AC639}.Release|iPhone.ActiveCfg = Release|Any CPU
		{87049DD3-1CE4-4FB5-A920-4DBB3D2AC639}.Release|iPhone.Build.0 = Release|Any CPU
		{87049DD3-1CE4-4FB5-A920-4DBB3D2AC639}.Release|iPhoneSimulator.ActiveCfg = Release|Any CPU
		{87049DD3-1CE4-4FB5-A920-4DBB3D2AC639}.Release|iPhoneSimulator.Build.0 = Release|Any CPU
		{87049DD3-1CE4-4FB5-A920-4DBB3D2AC639}.Release|x64.ActiveCfg = Release|Any CPU
		{87049DD3-1CE4-4FB5-A920-4DBB3D2AC639}.Release|x64.Build.0 = Release|Any CPU
		{87049DD3-1CE4-4FB5-A920-4DBB3D2AC639}.Release|x86.ActiveCfg = Release|Any CPU
		{87049DD3-1CE4-4FB5-A920-4DBB3D2AC639}.Release|x86.Build.0 = Release|Any CPU
		{318B14CE-D2E8-4C43-AF7E-9FF394344D77}.Ad-Hoc|Any CPU.ActiveCfg = Release|x86
		{318B14CE-D2E8-4C43-AF7E-9FF394344D77}.Ad-Hoc|Any CPU.Build.0 = Release|x86
		{318B14CE-D2E8-4C43-AF7E-9FF394344D77}.Ad-Hoc|Any CPU.Deploy.0 = Release|x86
		{318B14CE-D2E8-4C43-AF7E-9FF394344D77}.Ad-Hoc|ARM.ActiveCfg = Release|ARM
		{318B14CE-D2E8-4C43-AF7E-9FF394344D77}.Ad-Hoc|ARM.Build.0 = Release|ARM
		{318B14CE-D2E8-4C43-AF7E-9FF394344D77}.Ad-Hoc|ARM.Deploy.0 = Release|ARM
		{318B14CE-D2E8-4C43-AF7E-9FF394344D77}.Ad-Hoc|iPhone.ActiveCfg = Release|x86
		{318B14CE-D2E8-4C43-AF7E-9FF394344D77}.Ad-Hoc|iPhone.Build.0 = Release|x86
		{318B14CE-D2E8-4C43-AF7E-9FF394344D77}.Ad-Hoc|iPhone.Deploy.0 = Release|x86
		{318B14CE-D2E8-4C43-AF7E-9FF394344D77}.Ad-Hoc|iPhoneSimulator.ActiveCfg = Release|x86
		{318B14CE-D2E8-4C43-AF7E-9FF394344D77}.Ad-Hoc|iPhoneSimulator.Build.0 = Release|x86
		{318B14CE-D2E8-4C43-AF7E-9FF394344D77}.Ad-Hoc|iPhoneSimulator.Deploy.0 = Release|x86
		{318B14CE-D2E8-4C43-AF7E-9FF394344D77}.Ad-Hoc|x64.ActiveCfg = Release|x64
		{318B14CE-D2E8-4C43-AF7E-9FF394344D77}.Ad-Hoc|x64.Build.0 = Release|x64
		{318B14CE-D2E8-4C43-AF7E-9FF394344D77}.Ad-Hoc|x64.Deploy.0 = Release|x64
		{318B14CE-D2E8-4C43-AF7E-9FF394344D77}.Ad-Hoc|x86.ActiveCfg = Release|x86
		{318B14CE-D2E8-4C43-AF7E-9FF394344D77}.Ad-Hoc|x86.Build.0 = Release|x86
		{318B14CE-D2E8-4C43-AF7E-9FF394344D77}.Ad-Hoc|x86.Deploy.0 = Release|x86
		{318B14CE-D2E8-4C43-AF7E-9FF394344D77}.AppStore|Any CPU.ActiveCfg = Release|x86
		{318B14CE-D2E8-4C43-AF7E-9FF394344D77}.AppStore|Any CPU.Build.0 = Release|x86
		{318B14CE-D2E8-4C43-AF7E-9FF394344D77}.AppStore|Any CPU.Deploy.0 = Release|x86
		{318B14CE-D2E8-4C43-AF7E-9FF394344D77}.AppStore|ARM.ActiveCfg = Release|ARM
		{318B14CE-D2E8-4C43-AF7E-9FF394344D77}.AppStore|ARM.Build.0 = Release|ARM
		{318B14CE-D2E8-4C43-AF7E-9FF394344D77}.AppStore|ARM.Deploy.0 = Release|ARM
		{318B14CE-D2E8-4C43-AF7E-9FF394344D77}.AppStore|iPhone.ActiveCfg = Release|x86
		{318B14CE-D2E8-4C43-AF7E-9FF394344D77}.AppStore|iPhone.Build.0 = Release|x86
		{318B14CE-D2E8-4C43-AF7E-9FF394344D77}.AppStore|iPhone.Deploy.0 = Release|x86
		{318B14CE-D2E8-4C43-AF7E-9FF394344D77}.AppStore|iPhoneSimulator.ActiveCfg = Release|x86
		{318B14CE-D2E8-4C43-AF7E-9FF394344D77}.AppStore|iPhoneSimulator.Build.0 = Release|x86
		{318B14CE-D2E8-4C43-AF7E-9FF394344D77}.AppStore|iPhoneSimulator.Deploy.0 = Release|x86
		{318B14CE-D2E8-4C43-AF7E-9FF394344D77}.AppStore|x64.ActiveCfg = Release|x64
		{318B14CE-D2E8-4C43-AF7E-9FF394344D77}.AppStore|x64.Build.0 = Release|x64
		{318B14CE-D2E8-4C43-AF7E-9FF394344D77}.AppStore|x64.Deploy.0 = Release|x64
		{318B14CE-D2E8-4C43-AF7E-9FF394344D77}.AppStore|x86.ActiveCfg = Release|x86
		{318B14CE-D2E8-4C43-AF7E-9FF394344D77}.AppStore|x86.Build.0 = Release|x86
		{318B14CE-D2E8-4C43-AF7E-9FF394344D77}.AppStore|x86.Deploy.0 = Release|x86
		{318B14CE-D2E8-4C43-AF7E-9FF394344D77}.Debug|Any CPU.ActiveCfg = Debug|x86
		{318B14CE-D2E8-4C43-AF7E-9FF394344D77}.Debug|ARM.ActiveCfg = Debug|ARM
		{318B14CE-D2E8-4C43-AF7E-9FF394344D77}.Debug|ARM.Build.0 = Debug|ARM
		{318B14CE-D2E8-4C43-AF7E-9FF394344D77}.Debug|ARM.Deploy.0 = Debug|ARM
		{318B14CE-D2E8-4C43-AF7E-9FF394344D77}.Debug|iPhone.ActiveCfg = Debug|x86
		{318B14CE-D2E8-4C43-AF7E-9FF394344D77}.Debug|iPhoneSimulator.ActiveCfg = Debug|x86
		{318B14CE-D2E8-4C43-AF7E-9FF394344D77}.Debug|x64.ActiveCfg = Debug|x64
		{318B14CE-D2E8-4C43-AF7E-9FF394344D77}.Debug|x64.Build.0 = Debug|x64
		{318B14CE-D2E8-4C43-AF7E-9FF394344D77}.Debug|x64.Deploy.0 = Debug|x64
		{318B14CE-D2E8-4C43-AF7E-9FF394344D77}.Debug|x86.ActiveCfg = Debug|x86
		{318B14CE-D2E8-4C43-AF7E-9FF394344D77}.Debug|x86.Build.0 = Debug|x86
		{318B14CE-D2E8-4C43-AF7E-9FF394344D77}.Debug|x86.Deploy.0 = Debug|x86
		{318B14CE-D2E8-4C43-AF7E-9FF394344D77}.Release|Any CPU.ActiveCfg = Release|x86
		{318B14CE-D2E8-4C43-AF7E-9FF394344D77}.Release|ARM.ActiveCfg = Release|ARM
		{318B14CE-D2E8-4C43-AF7E-9FF394344D77}.Release|ARM.Build.0 = Release|ARM
		{318B14CE-D2E8-4C43-AF7E-9FF394344D77}.Release|ARM.Deploy.0 = Release|ARM
		{318B14CE-D2E8-4C43-AF7E-9FF394344D77}.Release|iPhone.ActiveCfg = Release|x86
		{318B14CE-D2E8-4C43-AF7E-9FF394344D77}.Release|iPhoneSimulator.ActiveCfg = Release|x86
		{318B14CE-D2E8-4C43-AF7E-9FF394344D77}.Release|x64.ActiveCfg = Release|x64
		{318B14CE-D2E8-4C43-AF7E-9FF394344D77}.Release|x64.Build.0 = Release|x64
		{318B14CE-D2E8-4C43-AF7E-9FF394344D77}.Release|x64.Deploy.0 = Release|x64
		{318B14CE-D2E8-4C43-AF7E-9FF394344D77}.Release|x86.ActiveCfg = Release|x86
		{318B14CE-D2E8-4C43-AF7E-9FF394344D77}.Release|x86.Build.0 = Release|x86
		{318B14CE-D2E8-4C43-AF7E-9FF394344D77}.Release|x86.Deploy.0 = Release|x86
		{E7B6A85E-A1DF-4ABE-90F0-4EBB622BC1CF}.Ad-Hoc|Any CPU.ActiveCfg = Ad-Hoc|iPhone
		{E7B6A85E-A1DF-4ABE-90F0-4EBB622BC1CF}.Ad-Hoc|ARM.ActiveCfg = Ad-Hoc|iPhone
		{E7B6A85E-A1DF-4ABE-90F0-4EBB622BC1CF}.Ad-Hoc|iPhone.ActiveCfg = Ad-Hoc|iPhone
		{E7B6A85E-A1DF-4ABE-90F0-4EBB622BC1CF}.Ad-Hoc|iPhone.Build.0 = Ad-Hoc|iPhone
		{E7B6A85E-A1DF-4ABE-90F0-4EBB622BC1CF}.Ad-Hoc|iPhoneSimulator.ActiveCfg = Ad-Hoc|iPhoneSimulator
		{E7B6A85E-A1DF-4ABE-90F0-4EBB622BC1CF}.Ad-Hoc|iPhoneSimulator.Build.0 = Ad-Hoc|iPhoneSimulator
		{E7B6A85E-A1DF-4ABE-90F0-4EBB622BC1CF}.Ad-Hoc|x64.ActiveCfg = Ad-Hoc|iPhone
		{E7B6A85E-A1DF-4ABE-90F0-4EBB622BC1CF}.Ad-Hoc|x86.ActiveCfg = Ad-Hoc|iPhone
		{E7B6A85E-A1DF-4ABE-90F0-4EBB622BC1CF}.AppStore|Any CPU.ActiveCfg = AppStore|iPhone
		{E7B6A85E-A1DF-4ABE-90F0-4EBB622BC1CF}.AppStore|ARM.ActiveCfg = AppStore|iPhone
		{E7B6A85E-A1DF-4ABE-90F0-4EBB622BC1CF}.AppStore|iPhone.ActiveCfg = AppStore|iPhone
		{E7B6A85E-A1DF-4ABE-90F0-4EBB622BC1CF}.AppStore|iPhone.Build.0 = AppStore|iPhone
		{E7B6A85E-A1DF-4ABE-90F0-4EBB622BC1CF}.AppStore|iPhoneSimulator.ActiveCfg = AppStore|iPhoneSimulator
		{E7B6A85E-A1DF-4ABE-90F0-4EBB622BC1CF}.AppStore|iPhoneSimulator.Build.0 = AppStore|iPhoneSimulator
		{E7B6A85E-A1DF-4ABE-90F0-4EBB622BC1CF}.AppStore|x64.ActiveCfg = AppStore|iPhone
		{E7B6A85E-A1DF-4ABE-90F0-4EBB622BC1CF}.AppStore|x86.ActiveCfg = AppStore|iPhone
		{E7B6A85E-A1DF-4ABE-90F0-4EBB622BC1CF}.Debug|Any CPU.ActiveCfg = Debug|iPhone
		{E7B6A85E-A1DF-4ABE-90F0-4EBB622BC1CF}.Debug|ARM.ActiveCfg = Debug|iPhone
		{E7B6A85E-A1DF-4ABE-90F0-4EBB622BC1CF}.Debug|iPhone.ActiveCfg = Debug|iPhone
		{E7B6A85E-A1DF-4ABE-90F0-4EBB622BC1CF}.Debug|iPhone.Build.0 = Debug|iPhone
		{E7B6A85E-A1DF-4ABE-90F0-4EBB622BC1CF}.Debug|iPhoneSimulator.ActiveCfg = Debug|iPhoneSimulator
		{E7B6A85E-A1DF-4ABE-90F0-4EBB622BC1CF}.Debug|iPhoneSimulator.Build.0 = Debug|iPhoneSimulator
		{E7B6A85E-A1DF-4ABE-90F0-4EBB622BC1CF}.Debug|x64.ActiveCfg = Debug|iPhone
		{E7B6A85E-A1DF-4ABE-90F0-4EBB622BC1CF}.Debug|x86.ActiveCfg = Debug|iPhone
		{E7B6A85E-A1DF-4ABE-90F0-4EBB622BC1CF}.Release|Any CPU.ActiveCfg = Release|iPhone
		{E7B6A85E-A1DF-4ABE-90F0-4EBB622BC1CF}.Release|ARM.ActiveCfg = Release|iPhone
		{E7B6A85E-A1DF-4ABE-90F0-4EBB622BC1CF}.Release|iPhone.ActiveCfg = Release|iPhone
		{E7B6A85E-A1DF-4ABE-90F0-4EBB622BC1CF}.Release|iPhone.Build.0 = Release|iPhone
		{E7B6A85E-A1DF-4ABE-90F0-4EBB622BC1CF}.Release|iPhoneSimulator.ActiveCfg = Release|iPhoneSimulator
		{E7B6A85E-A1DF-4ABE-90F0-4EBB622BC1CF}.Release|iPhoneSimulator.Build.0 = Release|iPhoneSimulator
		{E7B6A85E-A1DF-4ABE-90F0-4EBB622BC1CF}.Release|x64.ActiveCfg = Release|iPhone
		{E7B6A85E-A1DF-4ABE-90F0-4EBB622BC1CF}.Release|x86.ActiveCfg = Release|iPhone
	EndGlobalSection
	GlobalSection(SolutionProperties) = preSolution
		HideSolutionNode = FALSE
	EndGlobalSection
EndGlobal
